
Microsoft Visual Studio Solution File, Format Version 12.00
# Visual Studio 14
VisualStudioVersion = 14.0.25420.1
MinimumVisualStudioVersion = 10.0.40219.1
Project("{FAE04EC0-301F-11D3-BF4B-00C04F79EFBC}") = "Physio.DAL", "Physio.DAL\Physio.DAL.csproj", "{64828DF6-C054-4F7E-B627-C8E2863529B2}"
EndProject
Project("{FAE04EC0-301F-11D3-BF4B-00C04F79EFBC}") = "mtosh.Common", "mtosh.Common\mtosh.Common.csproj", "{D664BCBB-AD2B-4496-9126-7D814C9EB7A9}"
EndProject
Project("{FAE04EC0-301F-11D3-BF4B-00C04F79EFBC}") = "Physio.WEB", "Physio.WEB\Physio.WEB.csproj", "{5455C358-7215-4FE7-B11C-0237F4D2AB11}"
EndProject
Global
	GlobalSection(SolutionConfigurationPlatforms) = preSolution
		Debug|Any CPU = Debug|Any CPU
		Release|Any CPU = Release|Any CPU
		Work|Any CPU = Work|Any CPU
	EndGlobalSection
	GlobalSection(ProjectConfigurationPlatforms) = postSolution
		{64828DF6-C054-4F7E-B627-C8E2863529B2}.Debug|Any CPU.ActiveCfg = Debug|Any CPU
		{64828DF6-C054-4F7E-B627-C8E2863529B2}.Debug|Any CPU.Build.0 = Debug|Any CPU
		{64828DF6-C054-4F7E-B627-C8E2863529B2}.Release|Any CPU.ActiveCfg = Release|Any CPU
		{64828DF6-C054-4F7E-B627-C8E2863529B2}.Release|Any CPU.Build.0 = Release|Any CPU
		{64828DF6-C054-4F7E-B627-C8E2863529B2}.Work|Any CPU.ActiveCfg = Work|Any CPU
		{64828DF6-C054-4F7E-B627-C8E2863529B2}.Work|Any CPU.Build.0 = Work|Any CPU
		{D664BCBB-AD2B-4496-9126-7D814C9EB7A9}.Debug|Any CPU.ActiveCfg = Debug|Any CPU
		{D664BCBB-AD2B-4496-9126-7D814C9EB7A9}.Debug|Any CPU.Build.0 = Debug|Any CPU
		{D664BCBB-AD2B-4496-9126-7D814C9EB7A9}.Release|Any CPU.ActiveCfg = Release|Any CPU
		{D664BCBB-AD2B-4496-9126-7D814C9EB7A9}.Release|Any CPU.Build.0 = Release|Any CPU
		{D664BCBB-AD2B-4496-9126-7D814C9EB7A9}.Work|Any CPU.ActiveCfg = Work|Any CPU
		{D664BCBB-AD2B-4496-9126-7D814C9EB7A9}.Work|Any CPU.Build.0 = Work|Any CPU
		{5455C358-7215-4FE7-B11C-0237F4D2AB11}.Debug|Any CPU.ActiveCfg = Debug|Any CPU
		{5455C358-7215-4FE7-B11C-0237F4D2AB11}.Debug|Any CPU.Build.0 = Debug|Any CPU
		{5455C358-7215-4FE7-B11C-0237F4D2AB11}.Release|Any CPU.ActiveCfg = Release|Any CPU
		{5455C358-7215-4FE7-B11C-0237F4D2AB11}.Release|Any CPU.Build.0 = Release|Any CPU
		{5455C358-7215-4FE7-B11C-0237F4D2AB11}.Work|Any CPU.ActiveCfg = Work|Any CPU
		{5455C358-7215-4FE7-B11C-0237F4D2AB11}.Work|Any CPU.Build.0 = Work|Any CPU
	EndGlobalSection
	GlobalSection(SolutionProperties) = preSolution
		HideSolutionNode = FALSE
	EndGlobalSection
EndGlobal
