
Microsoft Visual Studio Solution File, Format Version 12.00
# Visual Studio 14
VisualStudioVersion = 14.0.25420.1
MinimumVisualStudioVersion = 10.0.40219.1
Project("{FAE04EC0-301F-11D3-BF4B-00C04F79EFBC}") = "PhysioWeb", "PhysioWeb\PhysioWeb.csproj", "{3B293509-C7AE-4D97-B7D8-16C5D6053D52}"
EndProject
Project("{FAE04EC0-301F-11D3-BF4B-00C04F79EFBC}") = "PhysioWeb.Tests", "PhysioWeb.Tests\PhysioWeb.Tests.csproj", "{F193A7B9-4F37-4700-80A4-81F4441CDA37}"
EndProject
Global
	GlobalSection(SolutionConfigurationPlatforms) = preSolution
		Debug|Any CPU = Debug|Any CPU
		Release|Any CPU = Release|Any CPU
	EndGlobalSection
	GlobalSection(ProjectConfigurationPlatforms) = postSolution
		{3B293509-C7AE-4D97-B7D8-16C5D6053D52}.Debug|Any CPU.ActiveCfg = Debug|Any CPU
		{3B293509-C7AE-4D97-B7D8-16C5D6053D52}.Debug|Any CPU.Build.0 = Debug|Any CPU
		{3B293509-C7AE-4D97-B7D8-16C5D6053D52}.Release|Any CPU.ActiveCfg = Release|Any CPU
		{3B293509-C7AE-4D97-B7D8-16C5D6053D52}.Release|Any CPU.Build.0 = Release|Any CPU
		{F193A7B9-4F37-4700-80A4-81F4441CDA37}.Debug|Any CPU.ActiveCfg = Debug|Any CPU
		{F193A7B9-4F37-4700-80A4-81F4441CDA37}.Debug|Any CPU.Build.0 = Debug|Any CPU
		{F193A7B9-4F37-4700-80A4-81F4441CDA37}.Release|Any CPU.ActiveCfg = Release|Any CPU
		{F193A7B9-4F37-4700-80A4-81F4441CDA37}.Release|Any CPU.Build.0 = Release|Any CPU
	EndGlobalSection
	GlobalSection(SolutionProperties) = preSolution
		HideSolutionNode = FALSE
	EndGlobalSection
EndGlobal
